
Microsoft Visual Studio Solution File, Format Version 12.00
# Visual Studio 2012
Project("{FAE04EC0-301F-11D3-BF4B-00C04F79EFBC}") = "JSONhandling", "JSONhandling\JSONhandling.csproj", "{4CCC6479-47D0-4B4C-A661-AF0FDA358C94}"
EndProject
Global
	GlobalSection(SolutionConfigurationPlatforms) = preSolution
		Debug|iPhoneSimulator = Debug|iPhoneSimulator
		Release|iPhone = Release|iPhone
		Release|iPhoneSimulator = Release|iPhoneSimulator
		Debug|iPhone = Debug|iPhone
	EndGlobalSection
	GlobalSection(ProjectConfigurationPlatforms) = postSolution
		{4CCC6479-47D0-4B4C-A661-AF0FDA358C94}.Debug|iPhoneSimulator.ActiveCfg = Debug|iPhoneSimulator
		{4CCC6479-47D0-4B4C-A661-AF0FDA358C94}.Debug|iPhoneSimulator.Build.0 = Debug|iPhoneSimulator
		{4CCC6479-47D0-4B4C-A661-AF0FDA358C94}.Release|iPhone.ActiveCfg = Release|iPhone
		{4CCC6479-47D0-4B4C-A661-AF0FDA358C94}.Release|iPhone.Build.0 = Release|iPhone
		{4CCC6479-47D0-4B4C-A661-AF0FDA358C94}.Release|iPhoneSimulator.ActiveCfg = Release|iPhoneSimulator
		{4CCC6479-47D0-4B4C-A661-AF0FDA358C94}.Release|iPhoneSimulator.Build.0 = Release|iPhoneSimulator
		{4CCC6479-47D0-4B4C-A661-AF0FDA358C94}.Debug|iPhone.ActiveCfg = Debug|iPhone
		{4CCC6479-47D0-4B4C-A661-AF0FDA358C94}.Debug|iPhone.Build.0 = Debug|iPhone
	EndGlobalSection
EndGlobal
